
Microsoft Visual Studio Solution File, Format Version 12.00
# Visual Studio Version 17
VisualStudioVersion = 17.3.32901.215
MinimumVisualStudioVersion = 10.0.40219.1
Project("{FAE04EC0-301F-11D3-BF4B-00C04F79EFBC}") = "MyUserAPI", "MyUserAPI\MyUserAPI.csproj", "{473A5498-949A-4855-9068-04775EA676DD}"
EndProject
Global
	GlobalSection(SolutionConfigurationPlatforms) = preSolution
		Debug|Any CPU = Debug|Any CPU
		Release|Any CPU = Release|Any CPU
	EndGlobalSection
	GlobalSection(ProjectConfigurationPlatforms) = postSolution
		{473A5498-949A-4855-9068-04775EA676DD}.Debug|Any CPU.ActiveCfg = Debug|Any CPU
		{473A5498-949A-4855-9068-04775EA676DD}.Debug|Any CPU.Build.0 = Debug|Any CPU
		{473A5498-949A-4855-9068-04775EA676DD}.Release|Any CPU.ActiveCfg = Release|Any CPU
		{473A5498-949A-4855-9068-04775EA676DD}.Release|Any CPU.Build.0 = Release|Any CPU
	EndGlobalSection
	GlobalSection(SolutionProperties) = preSolution
		HideSolutionNode = FALSE
	EndGlobalSection
	GlobalSection(ExtensibilityGlobals) = postSolution
		SolutionGuid = {B6F6BA13-80FE-4827-96BF-F0EBD01A8A10}
	EndGlobalSection
EndGlobal
